{
  "name": "Sc-Demo",
  "version": "1.0.0",
  "lockfileVersion": 1,
  "requires": true,
  "dependencies": {
    "@dcloudio/uni-ui": {
      "version": "1.2.5",
      "resolved": "https://registry.npmjs.org/@dcloudio/uni-ui/-/uni-ui-1.2.5.tgz",
      "integrity": "sha512-HAeE/wIWyXb7z1dmWuETSfS3/fUL21dyUqEE1ppwOYiFBNt9Kh5M6Yp+18CcI7Y1GBQhWLyhTipN6Aj2fx8EPw==",
      "dev": true
    }
  }
}
